
Microsoft Visual Studio Solution File, Format Version 12.00
# Visual Studio Version 16
VisualStudioVersion = 16.0.28531.58
MinimumVisualStudioVersion = 10.0.40219.1
Project("{FAE04EC0-301F-11D3-BF4B-00C04F79EFBC}") = "HeritageProjetGrp6", "HeritageProjetGrp6\HeritageProjetGrp6.csproj", "{EFDD1A22-674F-4DB7-BB28-0A2A3FA601A4}"
EndProject
Global
	GlobalSection(SolutionConfigurationPlatforms) = preSolution
		Debug|Any CPU = Debug|Any CPU
		Release|Any CPU = Release|Any CPU
	EndGlobalSection
	GlobalSection(ProjectConfigurationPlatforms) = postSolution
		{EFDD1A22-674F-4DB7-BB28-0A2A3FA601A4}.Debug|Any CPU.ActiveCfg = Debug|Any CPU
		{EFDD1A22-674F-4DB7-BB28-0A2A3FA601A4}.Debug|Any CPU.Build.0 = Debug|Any CPU
		{EFDD1A22-674F-4DB7-BB28-0A2A3FA601A4}.Release|Any CPU.ActiveCfg = Release|Any CPU
		{EFDD1A22-674F-4DB7-BB28-0A2A3FA601A4}.Release|Any CPU.Build.0 = Release|Any CPU
	EndGlobalSection
	GlobalSection(SolutionProperties) = preSolution
		HideSolutionNode = FALSE
	EndGlobalSection
	GlobalSection(ExtensibilityGlobals) = postSolution
		SolutionGuid = {6E72396B-A45E-4A99-AF8F-108FEC95F145}
	EndGlobalSection
EndGlobal
